
Microsoft Visual Studio Solution File, Format Version 12.00
# Visual Studio Version 17
VisualStudioVersion = 17.3.32714.290
MinimumVisualStudioVersion = 10.0.40219.1
Project("{FAE04EC0-301F-11D3-BF4B-00C04F79EFBC}") = "BlazePasswordGenerator", "BlazePasswordGenerator\BlazePasswordGenerator.csproj", "{122D884B-80B4-4ADA-BFB5-35762B4B2852}"
EndProject
Global
	GlobalSection(SolutionConfigurationPlatforms) = preSolution
		Debug|Any CPU = Debug|Any CPU
		Release|Any CPU = Release|Any CPU
	EndGlobalSection
	GlobalSection(ProjectConfigurationPlatforms) = postSolution
		{122D884B-80B4-4ADA-BFB5-35762B4B2852}.Debug|Any CPU.ActiveCfg = Debug|Any CPU
		{122D884B-80B4-4ADA-BFB5-35762B4B2852}.Debug|Any CPU.Build.0 = Debug|Any CPU
		{122D884B-80B4-4ADA-BFB5-35762B4B2852}.Release|Any CPU.ActiveCfg = Release|Any CPU
		{122D884B-80B4-4ADA-BFB5-35762B4B2852}.Release|Any CPU.Build.0 = Release|Any CPU
	EndGlobalSection
	GlobalSection(SolutionProperties) = preSolution
		HideSolutionNode = FALSE
	EndGlobalSection
	GlobalSection(ExtensibilityGlobals) = postSolution
		SolutionGuid = {BDCFBBBA-DEC9-4EF5-A3A8-A977794E2D8F}
	EndGlobalSection
EndGlobal
